
Microsoft Visual Studio Solution File, Format Version 12.00
Project("{FAE04EC0-301F-11D3-BF4B-00C04F79EFBC}") = "UnitTestExample2023", "UnitTestExample2023\UnitTestExample2023.csproj", "{C665A10F-E00F-4FC4-B528-820BF9AA24CA}"
EndProject
Global
	GlobalSection(SolutionConfigurationPlatforms) = preSolution
		Debug|Any CPU = Debug|Any CPU
		Release|Any CPU = Release|Any CPU
	EndGlobalSection
	GlobalSection(ProjectConfigurationPlatforms) = postSolution
		{C665A10F-E00F-4FC4-B528-820BF9AA24CA}.Debug|Any CPU.ActiveCfg = Debug|Any CPU
		{C665A10F-E00F-4FC4-B528-820BF9AA24CA}.Debug|Any CPU.Build.0 = Debug|Any CPU
		{C665A10F-E00F-4FC4-B528-820BF9AA24CA}.Release|Any CPU.ActiveCfg = Release|Any CPU
		{C665A10F-E00F-4FC4-B528-820BF9AA24CA}.Release|Any CPU.Build.0 = Release|Any CPU
	EndGlobalSection
EndGlobal
